
Microsoft Visual Studio Solution File, Format Version 12.00
# Visual Studio 14
VisualStudioVersion = 14.0.23107.0
MinimumVisualStudioVersion = 10.0.40219.1
Project("{00D1A9C2-B5F0-4AF3-8072-F6C62B433612}") = "org_maint", "org_maint\org_maint.sqlproj", "{0577B487-12B8-496B-B35B-5671627D5621}"
EndProject
Project("{FAE04EC0-301F-11D3-BF4B-00C04F79EFBC}") = "org_maint_services", "org_maint_services\org_maint_services.csproj", "{4A2B87E9-8022-4B89-AEDD-FE86F8AC9FBB}"
EndProject
Project("{FAE04EC0-301F-11D3-BF4B-00C04F79EFBC}") = "org_maint_web_client", "org_maint_web_client\org_maint_web_client.csproj", "{6ED9CC9D-B630-4E94-9266-D5A43E498E73}"
EndProject
Project("{2150E333-8FDC-42A3-9474-1A3956D46DE8}") = "Solution Items", "Solution Items", "{4067438F-4A8A-456E-8AAB-CACE2D791757}"
	ProjectSection(SolutionItems) = preProject
		Readme.txt = Readme.txt
	EndProjectSection
EndProject
Global
	GlobalSection(SolutionConfigurationPlatforms) = preSolution
		Debug|Any CPU = Debug|Any CPU
		Release|Any CPU = Release|Any CPU
	EndGlobalSection
	GlobalSection(ProjectConfigurationPlatforms) = postSolution
		{0577B487-12B8-496B-B35B-5671627D5621}.Debug|Any CPU.ActiveCfg = Debug|Any CPU
		{0577B487-12B8-496B-B35B-5671627D5621}.Debug|Any CPU.Deploy.0 = Debug|Any CPU
		{0577B487-12B8-496B-B35B-5671627D5621}.Release|Any CPU.ActiveCfg = Release|Any CPU
		{0577B487-12B8-496B-B35B-5671627D5621}.Release|Any CPU.Build.0 = Release|Any CPU
		{0577B487-12B8-496B-B35B-5671627D5621}.Release|Any CPU.Deploy.0 = Release|Any CPU
		{4A2B87E9-8022-4B89-AEDD-FE86F8AC9FBB}.Debug|Any CPU.ActiveCfg = Debug|Any CPU
		{4A2B87E9-8022-4B89-AEDD-FE86F8AC9FBB}.Release|Any CPU.ActiveCfg = Release|Any CPU
		{4A2B87E9-8022-4B89-AEDD-FE86F8AC9FBB}.Release|Any CPU.Build.0 = Release|Any CPU
		{6ED9CC9D-B630-4E94-9266-D5A43E498E73}.Debug|Any CPU.ActiveCfg = Debug|Any CPU
		{6ED9CC9D-B630-4E94-9266-D5A43E498E73}.Debug|Any CPU.Build.0 = Debug|Any CPU
		{6ED9CC9D-B630-4E94-9266-D5A43E498E73}.Debug|Any CPU.Deploy.0 = Debug|Any CPU
		{6ED9CC9D-B630-4E94-9266-D5A43E498E73}.Release|Any CPU.ActiveCfg = Release|Any CPU
		{6ED9CC9D-B630-4E94-9266-D5A43E498E73}.Release|Any CPU.Build.0 = Release|Any CPU
	EndGlobalSection
	GlobalSection(SolutionProperties) = preSolution
		HideSolutionNode = FALSE
	EndGlobalSection
EndGlobal
